
Microsoft Visual Studio Solution File, Format Version 12.00
# Visual Studio Version 16
VisualStudioVersion = 16.0.32602.291
MinimumVisualStudioVersion = 10.0.40219.1
Project("{FAE04EC0-301F-11D3-BF4B-00C04F79EFBC}") = "Theorem.Tests", "src\Theorem.Tests\Theorem.Tests.csproj", "{62EB0C90-C0F2-4C12-8AF0-758C55AE3A2B}"
EndProject
Project("{FAE04EC0-301F-11D3-BF4B-00C04F79EFBC}") = "Theorem", "src\Theorem\Theorem.csproj", "{FC5D433A-969E-4DEC-A1DC-6BA5D70A5770}"
EndProject
Global
	GlobalSection(SolutionConfigurationPlatforms) = preSolution
		Debug|Any CPU = Debug|Any CPU
		Release|Any CPU = Release|Any CPU
	EndGlobalSection
	GlobalSection(ProjectConfigurationPlatforms) = postSolution
		{62EB0C90-C0F2-4C12-8AF0-758C55AE3A2B}.Debug|Any CPU.ActiveCfg = Debug|Any CPU
		{62EB0C90-C0F2-4C12-8AF0-758C55AE3A2B}.Debug|Any CPU.Build.0 = Debug|Any CPU
		{62EB0C90-C0F2-4C12-8AF0-758C55AE3A2B}.Release|Any CPU.ActiveCfg = Release|Any CPU
		{62EB0C90-C0F2-4C12-8AF0-758C55AE3A2B}.Release|Any CPU.Build.0 = Release|Any CPU
		{FC5D433A-969E-4DEC-A1DC-6BA5D70A5770}.Debug|Any CPU.ActiveCfg = Debug|Any CPU
		{FC5D433A-969E-4DEC-A1DC-6BA5D70A5770}.Debug|Any CPU.Build.0 = Debug|Any CPU
		{FC5D433A-969E-4DEC-A1DC-6BA5D70A5770}.Release|Any CPU.ActiveCfg = Release|Any CPU
		{FC5D433A-969E-4DEC-A1DC-6BA5D70A5770}.Release|Any CPU.Build.0 = Release|Any CPU
	EndGlobalSection
	GlobalSection(SolutionProperties) = preSolution
		HideSolutionNode = FALSE
	EndGlobalSection
	GlobalSection(ExtensibilityGlobals) = postSolution
		SolutionGuid = {ACEFDA9D-1F0E-4560-9E06-A93A56EC7A27}
	EndGlobalSection
EndGlobal
